{
  "name": "tsbench",
  "version": "1.0.0",
  "lockfileVersion": 2,
  "requires": true,
  "packages": {
    "": {
      "name": "tsbench",
      "version": "1.0.0",
      "devDependencies": {
        "pyright": "^1.1.206"
      }
    },
    "node_modules/pyright": {
      "version": "1.1.206",
      "resolved": "https://registry.npmjs.org/pyright/-/pyright-1.1.206.tgz",
      "integrity": "sha512-MHFWg81nkOo6r8BTWaoGGYcuMydgNZaReQmzvYTlyCAoBQrKvrzLg/GkdPk4XxIA7JuI96vGxU33uS2r0qGJag==",
      "dev": true,
      "bin": {
        "pyright": "index.js",
        "pyright-langserver": "langserver.index.js"
      },
      "engines": {
        "node": ">=12.0.0"
      }
    }
  },
  "dependencies": {
    "pyright": {
      "version": "1.1.206",
      "resolved": "https://registry.npmjs.org/pyright/-/pyright-1.1.206.tgz",
      "integrity": "sha512-MHFWg81nkOo6r8BTWaoGGYcuMydgNZaReQmzvYTlyCAoBQrKvrzLg/GkdPk4XxIA7JuI96vGxU33uS2r0qGJag==",
      "dev": true
    }
  }
}
